
Microsoft Visual Studio Solution File, Format Version 12.00
# Visual Studio Version 16
VisualStudioVersion = 16.0.30428.66
MinimumVisualStudioVersion = 10.0.40219.1
Project("{FAE04EC0-301F-11D3-BF4B-00C04F79EFBC}") = "FootBall.Common", "FootBall.Common\FootBall.Common.csproj", "{446A8D62-CFEE-4B90-9FA0-B66A432D9AF1}"
EndProject
Project("{FAE04EC0-301F-11D3-BF4B-00C04F79EFBC}") = "FootBall.Web", "FootBall.Web\FootBall.Web.csproj", "{9C47DBF2-0BB3-4D1C-BEDD-336D16539EC4}"
EndProject
Project("{FAE04EC0-301F-11D3-BF4B-00C04F79EFBC}") = "FootBall.Prism", "FootBall.Prism\FootBall.Prism\FootBall.Prism.csproj", "{77F85509-63E2-462E-981E-ACA0CACC1EFD}"
EndProject
Project("{FAE04EC0-301F-11D3-BF4B-00C04F79EFBC}") = "FootBall.Prism.Android", "FootBall.Prism\FootBall.Prism.Android\FootBall.Prism.Android.csproj", "{E35E457F-2FC3-4B85-9F3C-1448C448AD7E}"
EndProject
Project("{FAE04EC0-301F-11D3-BF4B-00C04F79EFBC}") = "FootBall.Prism.iOS", "FootBall.Prism\FootBall.Prism.iOS\FootBall.Prism.iOS.csproj", "{1CEC2B23-C737-4465-9789-2495DB72D9EB}"
EndProject
Project("{FAE04EC0-301F-11D3-BF4B-00C04F79EFBC}") = "FootBall.Cross.Android", "FootBall.Cross.Android\FootBall.Cross.Android.csproj", "{852C53C2-F43A-49CF-9CAE-7DD6FDAC3C15}"
EndProject
Project("{FAE04EC0-301F-11D3-BF4B-00C04F79EFBC}") = "FootBall.Cross.iOS", "FootBall.Cross.iOS\FootBall.Cross.iOS.csproj", "{CF9D7D42-D545-4EEA-9A51-C48DFF594FB0}"
EndProject
Global
	GlobalSection(SolutionConfigurationPlatforms) = preSolution
		Ad-Hoc|Any CPU = Ad-Hoc|Any CPU
		Ad-Hoc|iPhone = Ad-Hoc|iPhone
		Ad-Hoc|iPhoneSimulator = Ad-Hoc|iPhoneSimulator
		AppStore|Any CPU = AppStore|Any CPU
		AppStore|iPhone = AppStore|iPhone
		AppStore|iPhoneSimulator = AppStore|iPhoneSimulator
		Debug|Any CPU = Debug|Any CPU
		Debug|iPhone = Debug|iPhone
		Debug|iPhoneSimulator = Debug|iPhoneSimulator
		Release|Any CPU = Release|Any CPU
		Release|iPhone = Release|iPhone
		Release|iPhoneSimulator = Release|iPhoneSimulator
	EndGlobalSection
	GlobalSection(ProjectConfigurationPlatforms) = postSolution
		{446A8D62-CFEE-4B90-9FA0-B66A432D9AF1}.Ad-Hoc|Any CPU.ActiveCfg = Debug|Any CPU
		{446A8D62-CFEE-4B90-9FA0-B66A432D9AF1}.Ad-Hoc|Any CPU.Build.0 = Debug|Any CPU
		{446A8D62-CFEE-4B90-9FA0-B66A432D9AF1}.Ad-Hoc|iPhone.ActiveCfg = Debug|Any CPU
		{446A8D62-CFEE-4B90-9FA0-B66A432D9AF1}.Ad-Hoc|iPhone.Build.0 = Debug|Any CPU
		{446A8D62-CFEE-4B90-9FA0-B66A432D9AF1}.Ad-Hoc|iPhoneSimulator.ActiveCfg = Debug|Any CPU
		{446A8D62-CFEE-4B90-9FA0-B66A432D9AF1}.Ad-Hoc|iPhoneSimulator.Build.0 = Debug|Any CPU
		{446A8D62-CFEE-4B90-9FA0-B66A432D9AF1}.AppStore|Any CPU.ActiveCfg = Debug|Any CPU
		{446A8D62-CFEE-4B90-9FA0-B66A432D9AF1}.AppStore|Any CPU.Build.0 = Debug|Any CPU
		{446A8D62-CFEE-4B90-9FA0-B66A432D9AF1}.AppStore|iPhone.ActiveCfg = Debug|Any CPU
		{446A8D62-CFEE-4B90-9FA0-B66A432D9AF1}.AppStore|iPhone.Build.0 = Debug|Any CPU
		{446A8D62-CFEE-4B90-9FA0-B66A432D9AF1}.AppStore|iPhoneSimulator.ActiveCfg = Debug|Any CPU
		{446A8D62-CFEE-4B90-9FA0-B66A432D9AF1}.AppStore|iPhoneSimulator.Build.0 = Debug|Any CPU
		{446A8D62-CFEE-4B90-9FA0-B66A432D9AF1}.Debug|Any CPU.ActiveCfg = Debug|Any CPU
		{446A8D62-CFEE-4B90-9FA0-B66A432D9AF1}.Debug|Any CPU.Build.0 = Debug|Any CPU
		{446A8D62-CFEE-4B90-9FA0-B66A432D9AF1}.Debug|iPhone.ActiveCfg = Debug|Any CPU
		{446A8D62-CFEE-4B90-9FA0-B66A432D9AF1}.Debug|iPhone.Build.0 = Debug|Any CPU
		{446A8D62-CFEE-4B90-9FA0-B66A432D9AF1}.Debug|iPhoneSimulator.ActiveCfg = Debug|Any CPU
		{446A8D62-CFEE-4B90-9FA0-B66A432D9AF1}.Debug|iPhoneSimulator.Build.0 = Debug|Any CPU
		{446A8D62-CFEE-4B90-9FA0-B66A432D9AF1}.Release|Any CPU.ActiveCfg = Release|Any CPU
		{446A8D62-CFEE-4B90-9FA0-B66A432D9AF1}.Release|Any CPU.Build.0 = Release|Any CPU
		{446A8D62-CFEE-4B90-9FA0-B66A432D9AF1}.Release|iPhone.ActiveCfg = Release|Any CPU
		{446A8D62-CFEE-4B90-9FA0-B66A432D9AF1}.Release|iPhone.Build.0 = Release|Any CPU
		{446A8D62-CFEE-4B90-9FA0-B66A432D9AF1}.Release|iPhoneSimulator.ActiveCfg = Release|Any CPU
		{446A8D62-CFEE-4B90-9FA0-B66A432D9AF1}.Release|iPhoneSimulator.Build.0 = Release|Any CPU
		{9C47DBF2-0BB3-4D1C-BEDD-336D16539EC4}.Ad-Hoc|Any CPU.ActiveCfg = Debug|Any CPU
		{9C47DBF2-0BB3-4D1C-BEDD-336D16539EC4}.Ad-Hoc|Any CPU.Build.0 = Debug|Any CPU
		{9C47DBF2-0BB3-4D1C-BEDD-336D16539EC4}.Ad-Hoc|iPhone.ActiveCfg = Debug|Any CPU
		{9C47DBF2-0BB3-4D1C-BEDD-336D16539EC4}.Ad-Hoc|iPhone.Build.0 = Debug|Any CPU
		{9C47DBF2-0BB3-4D1C-BEDD-336D16539EC4}.Ad-Hoc|iPhoneSimulator.ActiveCfg = Debug|Any CPU
		{9C47DBF2-0BB3-4D1C-BEDD-336D16539EC4}.Ad-Hoc|iPhoneSimulator.Build.0 = Debug|Any CPU
		{9C47DBF2-0BB3-4D1C-BEDD-336D16539EC4}.AppStore|Any CPU.ActiveCfg = Debug|Any CPU
		{9C47DBF2-0BB3-4D1C-BEDD-336D16539EC4}.AppStore|Any CPU.Build.0 = Debug|Any CPU
		{9C47DBF2-0BB3-4D1C-BEDD-336D16539EC4}.AppStore|iPhone.ActiveCfg = Debug|Any CPU
		{9C47DBF2-0BB3-4D1C-BEDD-336D16539EC4}.AppStore|iPhone.Build.0 = Debug|Any CPU
		{9C47DBF2-0BB3-4D1C-BEDD-336D16539EC4}.AppStore|iPhoneSimulator.ActiveCfg = Debug|Any CPU
		{9C47DBF2-0BB3-4D1C-BEDD-336D16539EC4}.AppStore|iPhoneSimulator.Build.0 = Debug|Any CPU
		{9C47DBF2-0BB3-4D1C-BEDD-336D16539EC4}.Debug|Any CPU.ActiveCfg = Debug|Any CPU
		{9C47DBF2-0BB3-4D1C-BEDD-336D16539EC4}.Debug|Any CPU.Build.0 = Debug|Any CPU
		{9C47DBF2-0BB3-4D1C-BEDD-336D16539EC4}.Debug|iPhone.ActiveCfg = Debug|Any CPU
		{9C47DBF2-0BB3-4D1C-BEDD-336D16539EC4}.Debug|iPhone.Build.0 = Debug|Any CPU
		{9C47DBF2-0BB3-4D1C-BEDD-336D16539EC4}.Debug|iPhoneSimulator.ActiveCfg = Debug|Any CPU
		{9C47DBF2-0BB3-4D1C-BEDD-336D16539EC4}.Debug|iPhoneSimulator.Build.0 = Debug|Any CPU
		{9C47DBF2-0BB3-4D1C-BEDD-336D16539EC4}.Release|Any CPU.ActiveCfg = Release|Any CPU
		{9C47DBF2-0BB3-4D1C-BEDD-336D16539EC4}.Release|Any CPU.Build.0 = Release|Any CPU
		{9C47DBF2-0BB3-4D1C-BEDD-336D16539EC4}.Release|iPhone.ActiveCfg = Release|Any CPU
		{9C47DBF2-0BB3-4D1C-BEDD-336D16539EC4}.Release|iPhone.Build.0 = Release|Any CPU
		{9C47DBF2-0BB3-4D1C-BEDD-336D16539EC4}.Release|iPhoneSimulator.ActiveCfg = Release|Any CPU
		{9C47DBF2-0BB3-4D1C-BEDD-336D16539EC4}.Release|iPhoneSimulator.Build.0 = Release|Any CPU
		{77F85509-63E2-462E-981E-ACA0CACC1EFD}.Ad-Hoc|Any CPU.ActiveCfg = Debug|Any CPU
		{77F85509-63E2-462E-981E-ACA0CACC1EFD}.Ad-Hoc|Any CPU.Build.0 = Debug|Any CPU
		{77F85509-63E2-462E-981E-ACA0CACC1EFD}.Ad-Hoc|iPhone.ActiveCfg = Debug|Any CPU
		{77F85509-63E2-462E-981E-ACA0CACC1EFD}.Ad-Hoc|iPhone.Build.0 = Debug|Any CPU
		{77F85509-63E2-462E-981E-ACA0CACC1EFD}.Ad-Hoc|iPhoneSimulator.ActiveCfg = Debug|Any CPU
		{77F85509-63E2-462E-981E-ACA0CACC1EFD}.Ad-Hoc|iPhoneSimulator.Build.0 = Debug|Any CPU
		{77F85509-63E2-462E-981E-ACA0CACC1EFD}.AppStore|Any CPU.ActiveCfg = Debug|Any CPU
		{77F85509-63E2-462E-981E-ACA0CACC1EFD}.AppStore|Any CPU.Build.0 = Debug|Any CPU
		{77F85509-63E2-462E-981E-ACA0CACC1EFD}.AppStore|iPhone.ActiveCfg = Debug|Any CPU
		{77F85509-63E2-462E-981E-ACA0CACC1EFD}.AppStore|iPhone.Build.0 = Debug|Any CPU
		{77F85509-63E2-462E-981E-ACA0CACC1EFD}.AppStore|iPhoneSimulator.ActiveCfg = Debug|Any CPU
		{77F85509-63E2-462E-981E-ACA0CACC1EFD}.AppStore|iPhoneSimulator.Build.0 = Debug|Any CPU
		{77F85509-63E2-462E-981E-ACA0CACC1EFD}.Debug|Any CPU.ActiveCfg = Debug|Any CPU
		{77F85509-63E2-462E-981E-ACA0CACC1EFD}.Debug|Any CPU.Build.0 = Debug|Any CPU
		{77F85509-63E2-462E-981E-ACA0CACC1EFD}.Debug|iPhone.ActiveCfg = Debug|Any CPU
		{77F85509-63E2-462E-981E-ACA0CACC1EFD}.Debug|iPhone.Build.0 = Debug|Any CPU
		{77F85509-63E2-462E-981E-ACA0CACC1EFD}.Debug|iPhoneSimulator.ActiveCfg = Debug|Any CPU
		{77F85509-63E2-462E-981E-ACA0CACC1EFD}.Debug|iPhoneSimulator.Build.0 = Debug|Any CPU
		{77F85509-63E2-462E-981E-ACA0CACC1EFD}.Release|Any CPU.ActiveCfg = Release|Any CPU
		{77F85509-63E2-462E-981E-ACA0CACC1EFD}.Release|Any CPU.Build.0 = Release|Any CPU
		{77F85509-63E2-462E-981E-ACA0CACC1EFD}.Release|iPhone.ActiveCfg = Release|Any CPU
		{77F85509-63E2-462E-981E-ACA0CACC1EFD}.Release|iPhone.Build.0 = Release|Any CPU
		{77F85509-63E2-462E-981E-ACA0CACC1EFD}.Release|iPhoneSimulator.ActiveCfg = Release|Any CPU
		{77F85509-63E2-462E-981E-ACA0CACC1EFD}.Release|iPhoneSimulator.Build.0 = Release|Any CPU
		{E35E457F-2FC3-4B85-9F3C-1448C448AD7E}.Ad-Hoc|Any CPU.ActiveCfg = Release|Any CPU
		{E35E457F-2FC3-4B85-9F3C-1448C448AD7E}.Ad-Hoc|Any CPU.Build.0 = Release|Any CPU
		{E35E457F-2FC3-4B85-9F3C-1448C448AD7E}.Ad-Hoc|Any CPU.Deploy.0 = Release|Any CPU
		{E35E457F-2FC3-4B85-9F3C-1448C448AD7E}.Ad-Hoc|iPhone.ActiveCfg = Release|Any CPU
		{E35E457F-2FC3-4B85-9F3C-1448C448AD7E}.Ad-Hoc|iPhone.Build.0 = Release|Any CPU
		{E35E457F-2FC3-4B85-9F3C-1448C448AD7E}.Ad-Hoc|iPhone.Deploy.0 = Release|Any CPU
		{E35E457F-2FC3-4B85-9F3C-1448C448AD7E}.Ad-Hoc|iPhoneSimulator.ActiveCfg = Release|Any CPU
		{E35E457F-2FC3-4B85-9F3C-1448C448AD7E}.Ad-Hoc|iPhoneSimulator.Build.0 = Release|Any CPU
		{E35E457F-2FC3-4B85-9F3C-1448C448AD7E}.Ad-Hoc|iPhoneSimulator.Deploy.0 = Release|Any CPU
		{E35E457F-2FC3-4B85-9F3C-1448C448AD7E}.AppStore|Any CPU.ActiveCfg = Release|Any CPU
		{E35E457F-2FC3-4B85-9F3C-1448C448AD7E}.AppStore|Any CPU.Build.0 = Release|Any CPU
		{E35E457F-2FC3-4B85-9F3C-1448C448AD7E}.AppStore|Any CPU.Deploy.0 = Release|Any CPU
		{E35E457F-2FC3-4B85-9F3C-1448C448AD7E}.AppStore|iPhone.ActiveCfg = Release|Any CPU
		{E35E457F-2FC3-4B85-9F3C-1448C448AD7E}.AppStore|iPhone.Build.0 = Release|Any CPU
		{E35E457F-2FC3-4B85-9F3C-1448C448AD7E}.AppStore|iPhone.Deploy.0 = Release|Any CPU
		{E35E457F-2FC3-4B85-9F3C-1448C448AD7E}.AppStore|iPhoneSimulator.ActiveCfg = Release|Any CPU
		{E35E457F-2FC3-4B85-9F3C-1448C448AD7E}.AppStore|iPhoneSimulator.Build.0 = Release|Any CPU
		{E35E457F-2FC3-4B85-9F3C-1448C448AD7E}.AppStore|iPhoneSimulator.Deploy.0 = Release|Any CPU
		{E35E457F-2FC3-4B85-9F3C-1448C448AD7E}.Debug|Any CPU.ActiveCfg = Debug|Any CPU
		{E35E457F-2FC3-4B85-9F3C-1448C448AD7E}.Debug|Any CPU.Build.0 = Debug|Any CPU
		{E35E457F-2FC3-4B85-9F3C-1448C448AD7E}.Debug|Any CPU.Deploy.0 = Debug|Any CPU
		{E35E457F-2FC3-4B85-9F3C-1448C448AD7E}.Debug|iPhone.ActiveCfg = Debug|Any CPU
		{E35E457F-2FC3-4B85-9F3C-1448C448AD7E}.Debug|iPhone.Build.0 = Debug|Any CPU
		{E35E457F-2FC3-4B85-9F3C-1448C448AD7E}.Debug|iPhone.Deploy.0 = Debug|Any CPU
		{E35E457F-2FC3-4B85-9F3C-1448C448AD7E}.Debug|iPhoneSimulator.ActiveCfg = Debug|Any CPU
		{E35E457F-2FC3-4B85-9F3C-1448C448AD7E}.Debug|iPhoneSimulator.Build.0 = Debug|Any CPU
		{E35E457F-2FC3-4B85-9F3C-1448C448AD7E}.Debug|iPhoneSimulator.Deploy.0 = Debug|Any CPU
		{E35E457F-2FC3-4B85-9F3C-1448C448AD7E}.Release|Any CPU.ActiveCfg = Release|Any CPU
		{E35E457F-2FC3-4B85-9F3C-1448C448AD7E}.Release|Any CPU.Build.0 = Release|Any CPU
		{E35E457F-2FC3-4B85-9F3C-1448C448AD7E}.Release|Any CPU.Deploy.0 = Release|Any CPU
		{E35E457F-2FC3-4B85-9F3C-1448C448AD7E}.Release|iPhone.ActiveCfg = Release|Any CPU
		{E35E457F-2FC3-4B85-9F3C-1448C448AD7E}.Release|iPhone.Build.0 = Release|Any CPU
		{E35E457F-2FC3-4B85-9F3C-1448C448AD7E}.Release|iPhone.Deploy.0 = Release|Any CPU
		{E35E457F-2FC3-4B85-9F3C-1448C448AD7E}.Release|iPhoneSimulator.ActiveCfg = Release|Any CPU
		{E35E457F-2FC3-4B85-9F3C-1448C448AD7E}.Release|iPhoneSimulator.Build.0 = Release|Any CPU
		{E35E457F-2FC3-4B85-9F3C-1448C448AD7E}.Release|iPhoneSimulator.Deploy.0 = Release|Any CPU
		{1CEC2B23-C737-4465-9789-2495DB72D9EB}.Ad-Hoc|Any CPU.ActiveCfg = Ad-Hoc|iPhone
		{1CEC2B23-C737-4465-9789-2495DB72D9EB}.Ad-Hoc|iPhone.ActiveCfg = Ad-Hoc|iPhone
		{1CEC2B23-C737-4465-9789-2495DB72D9EB}.Ad-Hoc|iPhone.Build.0 = Ad-Hoc|iPhone
		{1CEC2B23-C737-4465-9789-2495DB72D9EB}.Ad-Hoc|iPhoneSimulator.ActiveCfg = Ad-Hoc|iPhoneSimulator
		{1CEC2B23-C737-4465-9789-2495DB72D9EB}.Ad-Hoc|iPhoneSimulator.Build.0 = Ad-Hoc|iPhoneSimulator
		{1CEC2B23-C737-4465-9789-2495DB72D9EB}.AppStore|Any CPU.ActiveCfg = AppStore|iPhone
		{1CEC2B23-C737-4465-9789-2495DB72D9EB}.AppStore|iPhone.ActiveCfg = AppStore|iPhone
		{1CEC2B23-C737-4465-9789-2495DB72D9EB}.AppStore|iPhone.Build.0 = AppStore|iPhone
		{1CEC2B23-C737-4465-9789-2495DB72D9EB}.AppStore|iPhoneSimulator.ActiveCfg = AppStore|iPhoneSimulator
		{1CEC2B23-C737-4465-9789-2495DB72D9EB}.AppStore|iPhoneSimulator.Build.0 = AppStore|iPhoneSimulator
		{1CEC2B23-C737-4465-9789-2495DB72D9EB}.Debug|Any CPU.ActiveCfg = Debug|iPhone
		{1CEC2B23-C737-4465-9789-2495DB72D9EB}.Debug|iPhone.ActiveCfg = Debug|iPhone
		{1CEC2B23-C737-4465-9789-2495DB72D9EB}.Debug|iPhone.Build.0 = Debug|iPhone
		{1CEC2B23-C737-4465-9789-2495DB72D9EB}.Debug|iPhoneSimulator.ActiveCfg = Debug|iPhoneSimulator
		{1CEC2B23-C737-4465-9789-2495DB72D9EB}.Debug|iPhoneSimulator.Build.0 = Debug|iPhoneSimulator
		{1CEC2B23-C737-4465-9789-2495DB72D9EB}.Release|Any CPU.ActiveCfg = Release|iPhone
		{1CEC2B23-C737-4465-9789-2495DB72D9EB}.Release|iPhone.ActiveCfg = Release|iPhone
		{1CEC2B23-C737-4465-9789-2495DB72D9EB}.Release|iPhone.Build.0 = Release|iPhone
		{1CEC2B23-C737-4465-9789-2495DB72D9EB}.Release|iPhoneSimulator.ActiveCfg = Release|iPhoneSimulator
		{1CEC2B23-C737-4465-9789-2495DB72D9EB}.Release|iPhoneSimulator.Build.0 = Release|iPhoneSimulator
		{852C53C2-F43A-49CF-9CAE-7DD6FDAC3C15}.Ad-Hoc|Any CPU.ActiveCfg = Release|Any CPU
		{852C53C2-F43A-49CF-9CAE-7DD6FDAC3C15}.Ad-Hoc|Any CPU.Build.0 = Release|Any CPU
		{852C53C2-F43A-49CF-9CAE-7DD6FDAC3C15}.Ad-Hoc|Any CPU.Deploy.0 = Release|Any CPU
		{852C53C2-F43A-49CF-9CAE-7DD6FDAC3C15}.Ad-Hoc|iPhone.ActiveCfg = Release|Any CPU
		{852C53C2-F43A-49CF-9CAE-7DD6FDAC3C15}.Ad-Hoc|iPhone.Build.0 = Release|Any CPU
		{852C53C2-F43A-49CF-9CAE-7DD6FDAC3C15}.Ad-Hoc|iPhone.Deploy.0 = Release|Any CPU
		{852C53C2-F43A-49CF-9CAE-7DD6FDAC3C15}.Ad-Hoc|iPhoneSimulator.ActiveCfg = Release|Any CPU
		{852C53C2-F43A-49CF-9CAE-7DD6FDAC3C15}.Ad-Hoc|iPhoneSimulator.Build.0 = Release|Any CPU
		{852C53C2-F43A-49CF-9CAE-7DD6FDAC3C15}.Ad-Hoc|iPhoneSimulator.Deploy.0 = Release|Any CPU
		{852C53C2-F43A-49CF-9CAE-7DD6FDAC3C15}.AppStore|Any CPU.ActiveCfg = Release|Any CPU
		{852C53C2-F43A-49CF-9CAE-7DD6FDAC3C15}.AppStore|Any CPU.Build.0 = Release|Any CPU
		{852C53C2-F43A-49CF-9CAE-7DD6FDAC3C15}.AppStore|Any CPU.Deploy.0 = Release|Any CPU
		{852C53C2-F43A-49CF-9CAE-7DD6FDAC3C15}.AppStore|iPhone.ActiveCfg = Release|Any CPU
		{852C53C2-F43A-49CF-9CAE-7DD6FDAC3C15}.AppStore|iPhone.Build.0 = Release|Any CPU
		{852C53C2-F43A-49CF-9CAE-7DD6FDAC3C15}.AppStore|iPhone.Deploy.0 = Release|Any CPU
		{852C53C2-F43A-49CF-9CAE-7DD6FDAC3C15}.AppStore|iPhoneSimulator.ActiveCfg = Release|Any CPU
		{852C53C2-F43A-49CF-9CAE-7DD6FDAC3C15}.AppStore|iPhoneSimulator.Build.0 = Release|Any CPU
		{852C53C2-F43A-49CF-9CAE-7DD6FDAC3C15}.AppStore|iPhoneSimulator.Deploy.0 = Release|Any CPU
		{852C53C2-F43A-49CF-9CAE-7DD6FDAC3C15}.Debug|Any CPU.ActiveCfg = Debug|Any CPU
		{852C53C2-F43A-49CF-9CAE-7DD6FDAC3C15}.Debug|Any CPU.Build.0 = Debug|Any CPU
		{852C53C2-F43A-49CF-9CAE-7DD6FDAC3C15}.Debug|Any CPU.Deploy.0 = Debug|Any CPU
		{852C53C2-F43A-49CF-9CAE-7DD6FDAC3C15}.Debug|iPhone.ActiveCfg = Debug|Any CPU
		{852C53C2-F43A-49CF-9CAE-7DD6FDAC3C15}.Debug|iPhone.Build.0 = Debug|Any CPU
		{852C53C2-F43A-49CF-9CAE-7DD6FDAC3C15}.Debug|iPhone.Deploy.0 = Debug|Any CPU
		{852C53C2-F43A-49CF-9CAE-7DD6FDAC3C15}.Debug|iPhoneSimulator.ActiveCfg = Debug|Any CPU
		{852C53C2-F43A-49CF-9CAE-7DD6FDAC3C15}.Debug|iPhoneSimulator.Build.0 = Debug|Any CPU
		{852C53C2-F43A-49CF-9CAE-7DD6FDAC3C15}.Debug|iPhoneSimulator.Deploy.0 = Debug|Any CPU
		{852C53C2-F43A-49CF-9CAE-7DD6FDAC3C15}.Release|Any CPU.ActiveCfg = Release|Any CPU
		{852C53C2-F43A-49CF-9CAE-7DD6FDAC3C15}.Release|Any CPU.Build.0 = Release|Any CPU
		{852C53C2-F43A-49CF-9CAE-7DD6FDAC3C15}.Release|Any CPU.Deploy.0 = Release|Any CPU
		{852C53C2-F43A-49CF-9CAE-7DD6FDAC3C15}.Release|iPhone.ActiveCfg = Release|Any CPU
		{852C53C2-F43A-49CF-9CAE-7DD6FDAC3C15}.Release|iPhone.Build.0 = Release|Any CPU
		{852C53C2-F43A-49CF-9CAE-7DD6FDAC3C15}.Release|iPhone.Deploy.0 = Release|Any CPU
		{852C53C2-F43A-49CF-9CAE-7DD6FDAC3C15}.Release|iPhoneSimulator.ActiveCfg = Release|Any CPU
		{852C53C2-F43A-49CF-9CAE-7DD6FDAC3C15}.Release|iPhoneSimulator.Build.0 = Release|Any CPU
		{852C53C2-F43A-49CF-9CAE-7DD6FDAC3C15}.Release|iPhoneSimulator.Deploy.0 = Release|Any CPU
		{CF9D7D42-D545-4EEA-9A51-C48DFF594FB0}.Ad-Hoc|Any CPU.ActiveCfg = Release|iPhone
		{CF9D7D42-D545-4EEA-9A51-C48DFF594FB0}.Ad-Hoc|Any CPU.Build.0 = Release|iPhone
		{CF9D7D42-D545-4EEA-9A51-C48DFF594FB0}.Ad-Hoc|iPhone.ActiveCfg = Release|iPhone
		{CF9D7D42-D545-4EEA-9A51-C48DFF594FB0}.Ad-Hoc|iPhone.Build.0 = Release|iPhone
		{CF9D7D42-D545-4EEA-9A51-C48DFF594FB0}.Ad-Hoc|iPhoneSimulator.ActiveCfg = Release|iPhoneSimulator
		{CF9D7D42-D545-4EEA-9A51-C48DFF594FB0}.Ad-Hoc|iPhoneSimulator.Build.0 = Release|iPhoneSimulator
		{CF9D7D42-D545-4EEA-9A51-C48DFF594FB0}.AppStore|Any CPU.ActiveCfg = Release|iPhone
		{CF9D7D42-D545-4EEA-9A51-C48DFF594FB0}.AppStore|Any CPU.Build.0 = Release|iPhone
		{CF9D7D42-D545-4EEA-9A51-C48DFF594FB0}.AppStore|iPhone.ActiveCfg = Release|iPhone
		{CF9D7D42-D545-4EEA-9A51-C48DFF594FB0}.AppStore|iPhone.Build.0 = Release|iPhone
		{CF9D7D42-D545-4EEA-9A51-C48DFF594FB0}.AppStore|iPhoneSimulator.ActiveCfg = Release|iPhoneSimulator
		{CF9D7D42-D545-4EEA-9A51-C48DFF594FB0}.AppStore|iPhoneSimulator.Build.0 = Release|iPhoneSimulator
		{CF9D7D42-D545-4EEA-9A51-C48DFF594FB0}.Debug|Any CPU.ActiveCfg = Debug|iPhone
		{CF9D7D42-D545-4EEA-9A51-C48DFF594FB0}.Debug|iPhone.ActiveCfg = Debug|iPhone
		{CF9D7D42-D545-4EEA-9A51-C48DFF594FB0}.Debug|iPhone.Build.0 = Debug|iPhone
		{CF9D7D42-D545-4EEA-9A51-C48DFF594FB0}.Debug|iPhoneSimulator.ActiveCfg = Debug|iPhoneSimulator
		{CF9D7D42-D545-4EEA-9A51-C48DFF594FB0}.Debug|iPhoneSimulator.Build.0 = Debug|iPhoneSimulator
		{CF9D7D42-D545-4EEA-9A51-C48DFF594FB0}.Release|Any CPU.ActiveCfg = Release|iPhone
		{CF9D7D42-D545-4EEA-9A51-C48DFF594FB0}.Release|iPhone.ActiveCfg = Release|iPhone
		{CF9D7D42-D545-4EEA-9A51-C48DFF594FB0}.Release|iPhone.Build.0 = Release|iPhone
		{CF9D7D42-D545-4EEA-9A51-C48DFF594FB0}.Release|iPhoneSimulator.ActiveCfg = Release|iPhoneSimulator
		{CF9D7D42-D545-4EEA-9A51-C48DFF594FB0}.Release|iPhoneSimulator.Build.0 = Release|iPhoneSimulator
	EndGlobalSection
	GlobalSection(SolutionProperties) = preSolution
		HideSolutionNode = FALSE
	EndGlobalSection
	GlobalSection(ExtensibilityGlobals) = postSolution
		SolutionGuid = {7146C7AF-E627-47A5-AD0E-552F2C8B2D06}
	EndGlobalSection
EndGlobal
